{
  "requires": true,
  "lockfileVersion": 1,
  "dependencies": {
    "udp-packet": {
      "version": "2.0.0",
      "resolved": "https://registry.npmjs.org/udp-packet/-/udp-packet-2.0.0.tgz",
      "integrity": "sha512-bq+eF4hncTwaiuM2ihvuTQWG+EXOKpzKu6JY4o09331q3295xnd3vlc+SwPiOUm+OylggWATdLmjwY2qOOnOBg=="
    }
  }
}
